
Microsoft Visual Studio Solution File, Format Version 12.00
# Visual Studio Version 17
VisualStudioVersion = 17.14.36518.9 d17.14
MinimumVisualStudioVersion = 10.0.40219.1
Project("{FAE04EC0-301F-11D3-BF4B-00C04F79EFBC}") = "MauiAppCadastroEventos", "MauiAppCadastroEventos\MauiAppCadastroEventos.csproj", "{70E9749F-52CE-49A8-A556-E14AD676E205}"
EndProject
Global
	GlobalSection(SolutionConfigurationPlatforms) = preSolution
		Debug|Any CPU = Debug|Any CPU
		Release|Any CPU = Release|Any CPU
	EndGlobalSection
	GlobalSection(ProjectConfigurationPlatforms) = postSolution
		{70E9749F-52CE-49A8-A556-E14AD676E205}.Debug|Any CPU.ActiveCfg = Debug|Any CPU
		{70E9749F-52CE-49A8-A556-E14AD676E205}.Debug|Any CPU.Build.0 = Debug|Any CPU
		{70E9749F-52CE-49A8-A556-E14AD676E205}.Debug|Any CPU.Deploy.0 = Debug|Any CPU
		{70E9749F-52CE-49A8-A556-E14AD676E205}.Release|Any CPU.ActiveCfg = Release|Any CPU
		{70E9749F-52CE-49A8-A556-E14AD676E205}.Release|Any CPU.Build.0 = Release|Any CPU
		{70E9749F-52CE-49A8-A556-E14AD676E205}.Release|Any CPU.Deploy.0 = Release|Any CPU
	EndGlobalSection
	GlobalSection(SolutionProperties) = preSolution
		HideSolutionNode = FALSE
	EndGlobalSection
	GlobalSection(ExtensibilityGlobals) = postSolution
		SolutionGuid = {3C131707-4C1A-4254-BDCC-1CA3ED81C309}
	EndGlobalSection
EndGlobal
